
Microsoft Visual Studio Solution File, Format Version 12.00
# Visual Studio Version 16
VisualStudioVersion = 16.0.31105.61
MinimumVisualStudioVersion = 10.0.40219.1
Project("{FAE04EC0-301F-11D3-BF4B-00C04F79EFBC}") = "TestCIWpf", "TestCIWpf\TestCIWpf.csproj", "{893C933F-9BC3-47B9-8A36-BF4CD0F28358}"
EndProject
Project("{2150E333-8FDC-42A3-9474-1A3956D46DE8}") = "NewFolder1", "NewFolder1", "{4B160961-0E33-40AD-B7EB-A71FCA223A90}"
EndProject
Global
	GlobalSection(SolutionConfigurationPlatforms) = preSolution
		Debug|Any CPU = Debug|Any CPU
		Release|Any CPU = Release|Any CPU
	EndGlobalSection
	GlobalSection(ProjectConfigurationPlatforms) = postSolution
		{893C933F-9BC3-47B9-8A36-BF4CD0F28358}.Debug|Any CPU.ActiveCfg = Debug|Any CPU
		{893C933F-9BC3-47B9-8A36-BF4CD0F28358}.Debug|Any CPU.Build.0 = Debug|Any CPU
		{893C933F-9BC3-47B9-8A36-BF4CD0F28358}.Release|Any CPU.ActiveCfg = Release|Any CPU
		{893C933F-9BC3-47B9-8A36-BF4CD0F28358}.Release|Any CPU.Build.0 = Release|Any CPU
	EndGlobalSection
	GlobalSection(SolutionProperties) = preSolution
		HideSolutionNode = FALSE
	EndGlobalSection
	GlobalSection(ExtensibilityGlobals) = postSolution
		SolutionGuid = {E9AFDA5B-C6F0-46DC-8667-79C80A0C1FAC}
	EndGlobalSection
EndGlobal
