
Microsoft Visual Studio Solution File, Format Version 12.00
# Visual Studio Version 16
VisualStudioVersion = 16.0.31105.61
MinimumVisualStudioVersion = 10.0.40219.1
Project("{FAE04EC0-301F-11D3-BF4B-00C04F79EFBC}") = "TestCIWpf", "TestCIWpf\TestCIWpf.csproj", "{893C933F-9BC3-47B9-8A36-BF4CD0F28358}"
EndProject
Project("{C7167F0D-BC9F-4E6E-AFE1-012C56B48DB5}") = "TestCIWpf.Installer", "TestCIWpf.Installer\TestCIWpf.Installer.wapproj", "{DE0DD201-416E-452A-BF14-A44911601688}"
	ProjectSection(ProjectDependencies) = postProject
		{893C933F-9BC3-47B9-8A36-BF4CD0F28358} = {893C933F-9BC3-47B9-8A36-BF4CD0F28358}
	EndProjectSection
EndProject
Project("{2150E333-8FDC-42A3-9474-1A3956D46DE8}") = "Solution Items", "Solution Items", "{C9F35F5E-F5A3-41AB-8ECB-C39C010D343E}"
	ProjectSection(SolutionItems) = preProject
		.github\workflows\dotnet-desktop.yml = .github\workflows\dotnet-desktop.yml
	EndProjectSection
EndProject
Global
	GlobalSection(SolutionConfigurationPlatforms) = preSolution
		Debug|Any CPU = Debug|Any CPU
		Debug|ARM = Debug|ARM
		Debug|ARM64 = Debug|ARM64
		Debug|x64 = Debug|x64
		Debug|x86 = Debug|x86
		Release|Any CPU = Release|Any CPU
		Release|ARM = Release|ARM
		Release|ARM64 = Release|ARM64
		Release|x64 = Release|x64
		Release|x86 = Release|x86
	EndGlobalSection
	GlobalSection(ProjectConfigurationPlatforms) = postSolution
		{893C933F-9BC3-47B9-8A36-BF4CD0F28358}.Debug|Any CPU.ActiveCfg = Debug|Any CPU
		{893C933F-9BC3-47B9-8A36-BF4CD0F28358}.Debug|Any CPU.Build.0 = Debug|Any CPU
		{893C933F-9BC3-47B9-8A36-BF4CD0F28358}.Debug|ARM.ActiveCfg = Debug|Any CPU
		{893C933F-9BC3-47B9-8A36-BF4CD0F28358}.Debug|ARM.Build.0 = Debug|Any CPU
		{893C933F-9BC3-47B9-8A36-BF4CD0F28358}.Debug|ARM64.ActiveCfg = Debug|Any CPU
		{893C933F-9BC3-47B9-8A36-BF4CD0F28358}.Debug|ARM64.Build.0 = Debug|Any CPU
		{893C933F-9BC3-47B9-8A36-BF4CD0F28358}.Debug|x64.ActiveCfg = Debug|Any CPU
		{893C933F-9BC3-47B9-8A36-BF4CD0F28358}.Debug|x64.Build.0 = Debug|Any CPU
		{893C933F-9BC3-47B9-8A36-BF4CD0F28358}.Debug|x86.ActiveCfg = Debug|Any CPU
		{893C933F-9BC3-47B9-8A36-BF4CD0F28358}.Debug|x86.Build.0 = Debug|Any CPU
		{893C933F-9BC3-47B9-8A36-BF4CD0F28358}.Release|Any CPU.ActiveCfg = Release|Any CPU
		{893C933F-9BC3-47B9-8A36-BF4CD0F28358}.Release|Any CPU.Build.0 = Release|Any CPU
		{893C933F-9BC3-47B9-8A36-BF4CD0F28358}.Release|ARM.ActiveCfg = Release|Any CPU
		{893C933F-9BC3-47B9-8A36-BF4CD0F28358}.Release|ARM.Build.0 = Release|Any CPU
		{893C933F-9BC3-47B9-8A36-BF4CD0F28358}.Release|ARM64.ActiveCfg = Release|Any CPU
		{893C933F-9BC3-47B9-8A36-BF4CD0F28358}.Release|ARM64.Build.0 = Release|Any CPU
		{893C933F-9BC3-47B9-8A36-BF4CD0F28358}.Release|x64.ActiveCfg = Release|Any CPU
		{893C933F-9BC3-47B9-8A36-BF4CD0F28358}.Release|x64.Build.0 = Release|Any CPU
		{893C933F-9BC3-47B9-8A36-BF4CD0F28358}.Release|x86.ActiveCfg = Release|Any CPU
		{893C933F-9BC3-47B9-8A36-BF4CD0F28358}.Release|x86.Build.0 = Release|Any CPU
		{DE0DD201-416E-452A-BF14-A44911601688}.Debug|Any CPU.ActiveCfg = Debug|Any CPU
		{DE0DD201-416E-452A-BF14-A44911601688}.Debug|Any CPU.Build.0 = Debug|Any CPU
		{DE0DD201-416E-452A-BF14-A44911601688}.Debug|Any CPU.Deploy.0 = Debug|Any CPU
		{DE0DD201-416E-452A-BF14-A44911601688}.Debug|ARM.ActiveCfg = Debug|ARM
		{DE0DD201-416E-452A-BF14-A44911601688}.Debug|ARM.Build.0 = Debug|ARM
		{DE0DD201-416E-452A-BF14-A44911601688}.Debug|ARM.Deploy.0 = Debug|ARM
		{DE0DD201-416E-452A-BF14-A44911601688}.Debug|ARM64.ActiveCfg = Debug|ARM64
		{DE0DD201-416E-452A-BF14-A44911601688}.Debug|ARM64.Build.0 = Debug|ARM64
		{DE0DD201-416E-452A-BF14-A44911601688}.Debug|ARM64.Deploy.0 = Debug|ARM64
		{DE0DD201-416E-452A-BF14-A44911601688}.Debug|x64.ActiveCfg = Debug|x64
		{DE0DD201-416E-452A-BF14-A44911601688}.Debug|x64.Build.0 = Debug|x64
		{DE0DD201-416E-452A-BF14-A44911601688}.Debug|x64.Deploy.0 = Debug|x64
		{DE0DD201-416E-452A-BF14-A44911601688}.Debug|x86.ActiveCfg = Debug|x86
		{DE0DD201-416E-452A-BF14-A44911601688}.Debug|x86.Build.0 = Debug|x86
		{DE0DD201-416E-452A-BF14-A44911601688}.Debug|x86.Deploy.0 = Debug|x86
		{DE0DD201-416E-452A-BF14-A44911601688}.Release|Any CPU.ActiveCfg = Release|Any CPU
		{DE0DD201-416E-452A-BF14-A44911601688}.Release|Any CPU.Build.0 = Release|Any CPU
		{DE0DD201-416E-452A-BF14-A44911601688}.Release|Any CPU.Deploy.0 = Release|Any CPU
		{DE0DD201-416E-452A-BF14-A44911601688}.Release|ARM.ActiveCfg = Release|ARM
		{DE0DD201-416E-452A-BF14-A44911601688}.Release|ARM.Build.0 = Release|ARM
		{DE0DD201-416E-452A-BF14-A44911601688}.Release|ARM.Deploy.0 = Release|ARM
		{DE0DD201-416E-452A-BF14-A44911601688}.Release|ARM64.ActiveCfg = Release|ARM64
		{DE0DD201-416E-452A-BF14-A44911601688}.Release|ARM64.Build.0 = Release|ARM64
		{DE0DD201-416E-452A-BF14-A44911601688}.Release|ARM64.Deploy.0 = Release|ARM64
		{DE0DD201-416E-452A-BF14-A44911601688}.Release|x64.ActiveCfg = Release|x64
		{DE0DD201-416E-452A-BF14-A44911601688}.Release|x64.Build.0 = Release|x64
		{DE0DD201-416E-452A-BF14-A44911601688}.Release|x64.Deploy.0 = Release|x64
		{DE0DD201-416E-452A-BF14-A44911601688}.Release|x86.ActiveCfg = Release|x86
		{DE0DD201-416E-452A-BF14-A44911601688}.Release|x86.Build.0 = Release|x86
		{DE0DD201-416E-452A-BF14-A44911601688}.Release|x86.Deploy.0 = Release|x86
	EndGlobalSection
	GlobalSection(SolutionProperties) = preSolution
		HideSolutionNode = FALSE
	EndGlobalSection
	GlobalSection(ExtensibilityGlobals) = postSolution
		SolutionGuid = {E9AFDA5B-C6F0-46DC-8667-79C80A0C1FAC}
	EndGlobalSection
EndGlobal
